<?xml version="1.0" encoding="utf-8"?>
<Project ToolsVersion="4.0" xmlns="http://schemas.microsoft.com/developer/msbuild/2003">
  <ItemGroup>
    <Filter Include="Source Files">
      <UniqueIdentifier>{98390848-6422-45b7-b677-1049e08dcc0a}</UniqueIdentifier>
      <Extensions>cpp;c;cxx;rc;def;r;odl;idl;hpj;bat</Extensions>
    </Filter>
    <Filter Include="Header Files">
      <UniqueIdentifier>{f3c3d22b-0cad-4541-8510-f422eef09252}</UniqueIdentifier>
      <Extensions>h;hpp;hxx;hm;inl</Extensions>
    </Filter>
  </ItemGroup>
  <ItemGroup>
    <ClCompile Include="..\..\rsa\cryption\crypt_decrypt.c">
      <Filter>Source Files</Filter>
    </ClCompile>
    <ClCompile Include="..\..\rsa\cryption\crypt_exponentiation.c">
      <Filter>Source Files</Filter>
    </ClCompile>
    <ClCompile Include="..\..\rsa\cryption\crypt_sign.c">
      <Filter>Source Files</Filter>
    </ClCompile>
    <ClCompile Include="..\..\rsa\keyfile.cpp">
      <Filter>Source Files</Filter>
    </ClCompile>
    <ClCompile Include="..\..\rsa\keygeneration\create_key.c">
      <Filter>Source Files</Filter>
    </ClCompile>
    <ClCompile Include="..\..\rsa\keygeneration\mp_arithmatic.c">
      <Filter>Source Files</Filter>
    </ClCompile>
    <ClCompile Include="..\..\rsa\keygeneration\mp_exponentiation.c">
      <Filter>Source Files</Filter>
    </ClCompile>
    <ClCompile Include="..\..\rsa\keygeneration\prime_filter.c">
      <Filter>Source Files</Filter>
    </ClCompile>
    <ClCompile Include="..\..\rsa\keygeneration\random_number.c">
      <Filter>Source Files</Filter>
    </ClCompile>
    <ClCompile Include="..\..\rsa\keygeneration\strong_prime.c">
      <Filter>Source Files</Filter>
    </ClCompile>
    <ClCompile Include="..\..\rsa\keygeneration\test.c">
      <Filter>Source Files</Filter>
    </ClCompile>
    <ClCompile Include="..\..\rsa\rsa_library.cpp">
      <Filter>Source Files</Filter>
    </ClCompile>
    <ClCompile Include="..\..\rsa\short_long_conversions.c">
      <Filter>Source Files</Filter>
    </ClCompile>
  </ItemGroup>
  <ItemGroup>
    <ClInclude Include="..\..\rsa\crypt_public.h">
      <Filter>Header Files</Filter>
    </ClInclude>
    <ClInclude Include="..\..\rsa\cryption\crypt_private.h">
      <Filter>Header Files</Filter>
    </ClInclude>
    <ClInclude Include="..\..\rsa\keyfile.h">
      <Filter>Header Files</Filter>
    </ClInclude>
    <ClInclude Include="..\..\rsa\keygen_public.h">
      <Filter>Header Files</Filter>
    </ClInclude>
    <ClInclude Include="..\..\rsa\keygeneration\create_key.h">
      <Filter>Header Files</Filter>
    </ClInclude>
    <ClInclude Include="..\..\rsa\keygeneration\keygen_private.h">
      <Filter>Header Files</Filter>
    </ClInclude>
    <ClInclude Include="..\..\rsa\keygeneration\mp_arithmatic.h">
      <Filter>Header Files</Filter>
    </ClInclude>
    <ClInclude Include="..\..\rsa\keygeneration\mp_exponentiation.h">
      <Filter>Header Files</Filter>
    </ClInclude>
    <ClInclude Include="..\..\rsa\keygeneration\prime_filter.h">
      <Filter>Header Files</Filter>
    </ClInclude>
    <ClInclude Include="..\..\rsa\keygeneration\random_number.h">
      <Filter>Header Files</Filter>
    </ClInclude>
    <ClInclude Include="..\..\rsa\keygeneration\strong_prime.h">
      <Filter>Header Files</Filter>
    </ClInclude>
    <ClInclude Include="..\..\rsa\keygeneration\trial_division.h">
      <Filter>Header Files</Filter>
    </ClInclude>
    <ClInclude Include="..\..\rsa\rsa_library.h">
      <Filter>Header Files</Filter>
    </ClInclude>
    <ClInclude Include="..\..\rsa\short_long_conversions.h">
      <Filter>Header Files</Filter>
    </ClInclude>
  </ItemGroup>
</Project>