<?xml version="1.0" encoding="utf-8"?>
<Project ToolsVersion="4.0" xmlns="http://schemas.microsoft.com/developer/msbuild/2003">
  <ItemGroup>
    <Filter Include="Source Files">
      <UniqueIdentifier>{4FC737F1-C7A5-4376-A066-2A32D752A2FF}</UniqueIdentifier>
      <Extensions>cpp;c;cc;cxx;def;odl;idl;hpj;bat;asm;asmx</Extensions>
    </Filter>
    <Filter Include="Header Files">
      <UniqueIdentifier>{93995380-89BD-4b04-88EB-625FBE52EBFB}</UniqueIdentifier>
      <Extensions>h;hpp;hxx;hm;inl;inc;xsd</Extensions>
    </Filter>
    <Filter Include="Resource Files">
      <UniqueIdentifier>{67DA6AB6-F800-4c08-8B7A-83BB121AAD01}</UniqueIdentifier>
      <Extensions>rc;ico;cur;bmp;dlg;rc2;rct;bin;rgs;gif;jpg;jpeg;jpe;resx;tiff;tif;png;wav</Extensions>
    </Filter>
    <Filter Include="PreBuild %24%28HOSTBUILD_RESULT%29">
      <UniqueIdentifier>{0dd6b2d7-eb2b-4b31-be80-f4adfada62a8}</UniqueIdentifier>
    </Filter>
    <Filter Include="PreBuild %24%28HOSTBUILD_RESULT%29\include">
      <UniqueIdentifier>{942937d5-9280-424e-b055-f9faa88d5f69}</UniqueIdentifier>
    </Filter>
    <Filter Include="PreBuild %24%28HOSTBUILD_RESULT%29\include\dfu">
      <UniqueIdentifier>{ec5af48c-6db4-4f28-b558-dc9a09fd7187}</UniqueIdentifier>
    </Filter>
  </ItemGroup>
  <ItemGroup>
    <ClCompile Include="..\..\DFUEngine\CRC.cpp">
      <Filter>Source Files</Filter>
    </ClCompile>
    <ClCompile Include="HidDfu.cpp">
      <Filter>Source Files</Filter>
    </ClCompile>
    <ClCompile Include="HidDfuDevice.cpp">
      <Filter>Source Files</Filter>
    </ClCompile>
    <ClCompile Include="HidDfuDll.cpp">
      <Filter>Source Files</Filter>
    </ClCompile>
    <ClCompile Include="HidDfuEngine.cpp">
      <Filter>Source Files</Filter>
    </ClCompile>
    <ClCompile Include="HidDfuErrorMsg.cpp">
      <Filter>Source Files</Filter>
    </ClCompile>
    <ClCompile Include="HidDfuDeviceApplication.cpp">
      <Filter>Source Files</Filter>
    </ClCompile>
    <ClCompile Include="HidDfuDeviceLoader.cpp">
      <Filter>Source Files</Filter>
    </ClCompile>
    <ClCompile Include="UpgradeProtocol.cpp">
      <Filter>Source Files</Filter>
    </ClCompile>
    <ClCompile Include="$(TOP_COMMON_HOSTTOOLS)\3rd\crc\crctbl.c">
      <Filter>Source Files</Filter>
    </ClCompile>
  </ItemGroup>
  <ItemGroup>
    <ClInclude Include="..\..\DFUEngine\CRC.h">
      <Filter>Header Files</Filter>
    </ClInclude>
    <ClInclude Include="HidDfu.h">
      <Filter>Header Files</Filter>
    </ClInclude>
    <ClInclude Include="HidDfuDevice.h">
      <Filter>Header Files</Filter>
    </ClInclude>
    <ClInclude Include="HidDfuEngine.h">
      <Filter>Header Files</Filter>
    </ClInclude>
    <ClInclude Include="HidDfuErrorMsg.h">
      <Filter>Header Files</Filter>
    </ClInclude>
    <ClInclude Include="resource.h">
      <Filter>Header Files</Filter>
    </ClInclude>
    <ClInclude Include="HidDfuDeviceApplication.h">
      <Filter>Header Files</Filter>
    </ClInclude>
    <ClInclude Include="HidDfuDeviceLoader.h">
      <Filter>Header Files</Filter>
    </ClInclude>
    <ClInclude Include="UpgradeProtocol.h">
      <Filter>Header Files</Filter>
    </ClInclude>
    <ClInclude Include="$(TOP_COMMON_HOSTTOOLS)\3rd\crc\crctbl.h">
      <Filter>Header Files</Filter>
    </ClInclude>
  </ItemGroup>
  <ItemGroup>
    <ResourceCompile Include="HidDfu.rc">
      <Filter>Resource Files</Filter>
    </ResourceCompile>
  </ItemGroup>
  <ItemGroup>
    <None Include="res\HidDfu.rc2">
      <Filter>Resource Files</Filter>
    </None>
  </ItemGroup>
</Project>
