<?xml version="1.0" encoding="utf-8"?>
<Project ToolsVersion="4.0" xmlns="http://schemas.microsoft.com/developer/msbuild/2003">
  <ItemGroup>
    <Filter Include="Source Files">
      <UniqueIdentifier>{4FC737F1-C7A5-4376-A066-2A32D752A2FF}</UniqueIdentifier>
      <Extensions>cpp;c;cc;cxx;def;odl;idl;hpj;bat;asm;asmx</Extensions>
    </Filter>
    <Filter Include="Header Files">
      <UniqueIdentifier>{93995380-89BD-4b04-88EB-625FBE52EBFB}</UniqueIdentifier>
      <Extensions>h;hpp;hxx;hm;inl;inc;xsd</Extensions>
    </Filter>
    <Filter Include="Resource Files">
      <UniqueIdentifier>{67DA6AB6-F800-4c08-8B7A-83BB121AAD01}</UniqueIdentifier>
      <Extensions>rc;ico;cur;bmp;dlg;rc2;rct;bin;rgs;gif;jpg;jpeg;jpe;resx;tiff;tif;png;wav</Extensions>
    </Filter>
    <Filter Include="Header Files\Equipment">
      <UniqueIdentifier>{50c67986-4fea-42fd-a7f7-82e3d0525087}</UniqueIdentifier>
    </Filter>
    <Filter Include="Source Files\Equipment">
      <UniqueIdentifier>{9219f232-55c5-426c-ac36-e3b96a9f5c23}</UniqueIdentifier>
    </Filter>
  </ItemGroup>
  <ItemGroup>
    <ClCompile Include="CdaProdTestCmd.cpp">
      <Filter>Source Files</Filter>
    </ClCompile>
    <ClCompile Include="CdaDevice.cpp">
      <Filter>Source Files</Filter>
    </ClCompile>
    <ClCompile Include="CdaDevTests.cpp">
      <Filter>Source Files</Filter>
    </ClCompile>
    <ClCompile Include="CdaDtsDevice.cpp">
      <Filter>Source Files</Filter>
    </ClCompile>
    <ClCompile Include="CdaDtsDevTests.cpp">
      <Filter>Source Files</Filter>
    </ClCompile>
    <ClCompile Include="..\PtUi.cpp">
      <Filter>Source Files</Filter>
    </ClCompile>
    <ClCompile Include="PtTimer.cpp">
      <Filter>Source Files</Filter>
    </ClCompile>
    <ClCompile Include="PtSetup.cpp">
      <Filter>Source Files</Filter>
    </ClCompile>
    <ClCompile Include="..\PtUtil.cpp">
      <Filter>Source Files</Filter>
    </ClCompile>
    <ClCompile Include="PtBdAddrMgr.cpp">
      <Filter>Source Files</Filter>
    </ClCompile>
    <ClCompile Include="PtStation.cpp">
      <Filter>Source Files</Filter>
    </ClCompile>
    <ClCompile Include="Test.cpp">
      <Filter>Source Files</Filter>
    </ClCompile>
    <ClCompile Include="ChargerDevice.cpp">
      <Filter>Source Files</Filter>
    </ClCompile>
    <ClCompile Include="ChargerTests.cpp">
      <Filter>Source Files</Filter>
    </ClCompile>
    <ClCompile Include="PtSerialPort.cpp">
      <Filter>Source Files</Filter>
    </ClCompile>
    <ClCompile Include="Equipment\AgilentEsaSpectrumAnalyser.cpp">
      <Filter>Source Files\Equipment</Filter>
    </ClCompile>
    <ClCompile Include="Equipment\AgilentN4010ATester.cpp">
      <Filter>Source Files\Equipment</Filter>
    </ClCompile>
    <ClCompile Include="Equipment\AnritsuMT8852BTester.cpp">
      <Filter>Source Files\Equipment</Filter>
    </ClCompile>
    <ClCompile Include="Equipment\ReferenceEndpoint.cpp">
      <Filter>Source Files\Equipment</Filter>
    </ClCompile>
    <ClCompile Include="Equipment\GpibInterface.cpp">
      <Filter>Source Files\Equipment</Filter>
    </ClCompile>
    <ClCompile Include="PtSerialNum.cpp">
      <Filter>Source Files</Filter>
    </ClCompile>
    <ClCompile Include="PtPsStoreKey.cpp">
      <Filter>Source Files</Filter>
    </ClCompile>
    <ClCompile Include="AtMessenger.cpp">
      <Filter>Source Files</Filter>
    </ClCompile>
  </ItemGroup>
  <ItemGroup>
    <ClInclude Include="CdaDevice.h">
      <Filter>Header Files</Filter>
    </ClInclude>
    <ClInclude Include="CdaDevTests.h">
      <Filter>Header Files</Filter>
    </ClInclude>
    <ClInclude Include="CdaDtsDevice.h">
      <Filter>Header Files</Filter>
    </ClInclude>
    <ClInclude Include="CdaDtsDevTests.h">
      <Filter>Header Files</Filter>
    </ClInclude>
    <ClInclude Include="..\PtException.h">
      <Filter>Header Files</Filter>
    </ClInclude>
    <ClInclude Include="..\PtUi.h">
      <Filter>Header Files</Filter>
    </ClInclude>
    <ClInclude Include="PtTimer.h">
      <Filter>Header Files</Filter>
    </ClInclude>
    <ClInclude Include="PtSetup.h">
      <Filter>Header Files</Filter>
    </ClInclude>
    <ClInclude Include="..\PtUtil.h">
      <Filter>Header Files</Filter>
    </ClInclude>
    <ClInclude Include="PtBdAddrMgr.h">
      <Filter>Header Files</Filter>
    </ClInclude>
    <ClInclude Include="PtStation.h">
      <Filter>Header Files</Filter>
    </ClInclude>
    <ClInclude Include="Test.h">
      <Filter>Header Files</Filter>
    </ClInclude>
    <ClInclude Include="Dut.h">
      <Filter>Header Files</Filter>
    </ClInclude>
    <ClInclude Include="ChargerDevice.h">
      <Filter>Header Files</Filter>
    </ClInclude>
    <ClInclude Include="ChargerTests.h">
      <Filter>Header Files</Filter>
    </ClInclude>
    <ClInclude Include="PtSerialPort.h">
      <Filter>Header Files</Filter>
    </ClInclude>
    <ClInclude Include="Equipment\AgilentEsaSpectrumAnalyser.h">
      <Filter>Header Files\Equipment</Filter>
    </ClInclude>
    <ClInclude Include="Equipment\AgilentN4010ATester.h">
      <Filter>Header Files\Equipment</Filter>
    </ClInclude>
    <ClInclude Include="Equipment\AnritsuMT8852BTester.h">
      <Filter>Header Files\Equipment</Filter>
    </ClInclude>
    <ClInclude Include="Equipment\GpibInterface.h">
      <Filter>Header Files\Equipment</Filter>
    </ClInclude>
    <ClInclude Include="Equipment\ReferenceEndpoint.h">
      <Filter>Header Files\Equipment</Filter>
    </ClInclude>
    <ClInclude Include="Equipment\SpectrumAnalyserInstrument.h">
      <Filter>Header Files\Equipment</Filter>
    </ClInclude>
    <ClInclude Include="PtSerialNum.h">
      <Filter>Header Files</Filter>
    </ClInclude>
    <ClInclude Include="PtPsStoreKey.h">
      <Filter>Header Files</Filter>
    </ClInclude>
    <ClInclude Include="AtMessenger.h">
      <Filter>Header Files</Filter>
    </ClInclude>
    <ClInclude Include="resource.h">
      <Filter>Resource Files</Filter>
    </ClInclude>
  </ItemGroup>
  <ItemGroup>
    <ResourceCompile Include="CdaProdTestCmd.rc">
      <Filter>Resource Files</Filter>
    </ResourceCompile>
  </ItemGroup>
  <ItemGroup>
    <None Include="res\CdaProdTestCmd.rc2">
      <Filter>Resource Files</Filter>
    </None>
  </ItemGroup>
  <ItemGroup>
    <Manifest Include="$(TOP_COMMON_HOSTTOOLS)\common\manifest\Win10_longPathAware.manifest">
      <Filter>Resource Files</Filter>
    </Manifest>
  </ItemGroup>
</Project>