Microsoft Visual Studio Solution File, Format Version 12.00
# Visual Studio Version 16
VisualStudioVersion = 16.0.31105.61
MinimumVisualStudioVersion = 10.0.40219.1
Project("{FAE04EC0-301F-11D3-BF4B-00C04F79EFBC}") = "HidDfuApp", "dfu\HidDfu\HidDfuApp\HidDfuApp.csproj", "{8043BBDE-16AC-43A7-A4E0-9D3353E19801}"
	ProjectSection(ProjectDependencies) = postProject
		{8E2D75BF-CC29-4363-9CEF-0159EB21EC97} = {8E2D75BF-CC29-4363-9CEF-0159EB21EC97}
		{8CB8B78A-A41A-4EF0-B5CE-90BADEED9548} = {8CB8B78A-A41A-4EF0-B5CE-90BADEED9548}
		{812F1503-BC21-425F-97FA-1674A78FC338} = {812F1503-BC21-425F-97FA-1674A78FC338}
		{9F51E755-76C1-4EF4-9CFC-98B7BEDC69F1} = {9F51E755-76C1-4EF4-9CFC-98B7BEDC69F1}
	EndProjectSection
EndProject
Project("{8BC9CEB8-8B4A-11D0-8D11-00A0C91BC942}") = "CmdLine", "util\cmdline\cmdline.vcxproj", "{4C32AC3A-57A7-41C5-923A-F6A277E3D579}"
	ProjectSection(ProjectDependencies) = postProject
		{FECF927C-29CB-4B03-B9D8-456CCBB439C8} = {FECF927C-29CB-4B03-B9D8-456CCBB439C8}
		{EAC6483F-F1B7-469B-BA88-89D8A6C1B69B} = {EAC6483F-F1B7-469B-BA88-89D8A6C1B69B}
		{AE49B0F0-CAA8-42C7-9920-759F12B34A78} = {AE49B0F0-CAA8-42C7-9920-759F12B34A78}
	EndProjectSection
EndProject
Project("{8BC9CEB8-8B4A-11D0-8D11-00A0C91BC942}") = "EngineFrameworkCpp", "util\engine\engineframework\cpp\enginefw_cpp.vcxproj", "{EAC6483F-F1B7-469B-BA88-89D8A6C1B69B}"
	ProjectSection(ProjectDependencies) = postProject
		{87130E28-91BE-4640-838A-F3931FEAD8C5} = {87130E28-91BE-4640-838A-F3931FEAD8C5}
		{C1220E7D-8459-4D4E-AB5D-F108EFE31599} = {C1220E7D-8459-4D4E-AB5D-F108EFE31599}
		{FECF927C-29CB-4B03-B9D8-456CCBB439C8} = {FECF927C-29CB-4B03-B9D8-456CCBB439C8}
	EndProjectSection
EndProject
Project("{8BC9CEB8-8B4A-11D0-8D11-00A0C91BC942}") = "HidDfu", "dfu\HidDfu\HidDfuDll\HidDfu.vcxproj", "{8E2D75BF-CC29-4363-9CEF-0159EB21EC97}"
	ProjectSection(ProjectDependencies) = postProject
		{EAC6483F-F1B7-469B-BA88-89D8A6C1B69B} = {EAC6483F-F1B7-469B-BA88-89D8A6C1B69B}
		{87130E28-91BE-4640-838A-F3931FEAD8C5} = {87130E28-91BE-4640-838A-F3931FEAD8C5}
		{C1220E7D-8459-4D4E-AB5D-F108EFE31599} = {C1220E7D-8459-4D4E-AB5D-F108EFE31599}
	EndProjectSection
EndProject
Project("{8BC9CEB8-8B4A-11D0-8D11-00A0C91BC942}") = "Time", "util\time\time.vcxproj", "{C1220E7D-8459-4D4E-AB5D-F108EFE31599}"
EndProject
Project("{8BC9CEB8-8B4A-11D0-8D11-00A0C91BC942}") = "EngineFrameworkClr", "util\engine\engineframework\clr\EngineFrameworkClr.vcxproj", "{8CB8B78A-A41A-4EF0-B5CE-90BADEED9548}"
	ProjectSection(ProjectDependencies) = postProject
		{EAC6483F-F1B7-469B-BA88-89D8A6C1B69B} = {EAC6483F-F1B7-469B-BA88-89D8A6C1B69B}
		{4C32AC3A-57A7-41C5-923A-F6A277E3D579} = {4C32AC3A-57A7-41C5-923A-F6A277E3D579}
		{AE49B0F0-CAA8-42C7-9920-759F12B34A78} = {AE49B0F0-CAA8-42C7-9920-759F12B34A78}
		{FECF927C-29CB-4B03-B9D8-456CCBB439C8} = {FECF927C-29CB-4B03-B9D8-456CCBB439C8}
	EndProjectSection
EndProject
Project("{8BC9CEB8-8B4A-11D0-8D11-00A0C91BC942}") = "Misc", "util\misc\misc.vcxproj", "{AE49B0F0-CAA8-42C7-9920-759F12B34A78}"
	ProjectSection(ProjectDependencies) = postProject
		{EAC6483F-F1B7-469B-BA88-89D8A6C1B69B} = {EAC6483F-F1B7-469B-BA88-89D8A6C1B69B}
	EndProjectSection
EndProject
Project("{8BC9CEB8-8B4A-11D0-8D11-00A0C91BC942}") = "icharA", "util\unicode\icharA.vcxproj", "{FECF927C-29CB-4B03-B9D8-456CCBB439C8}"
EndProject
Project("{FAE04EC0-301F-11D3-BF4B-00C04F79EFBC}") = "Qtil_HostTools_Common_Util", "util\dotnet\Util\Qtil_HostTools_Common_Util.csproj", "{4DC968ED-5915-43D8-BA63-7A7A4AF14F23}"
	ProjectSection(ProjectDependencies) = postProject
		{8CB8B78A-A41A-4EF0-B5CE-90BADEED9548} = {8CB8B78A-A41A-4EF0-B5CE-90BADEED9548}
	EndProjectSection
EndProject
Project("{FAE04EC0-301F-11D3-BF4B-00C04F79EFBC}") = "QTIL_HostTools_Common_Transport", "util\dotnet\Transport\QTIL_HostTools_Common_Transport.csproj", "{9F51E755-76C1-4EF4-9CFC-98B7BEDC69F1}"
EndProject
Project("{FAE04EC0-301F-11D3-BF4B-00C04F79EFBC}") = "Qtil_HostTools_Common_Dialogs", "util\dotnet\Dialogs\Qtil_HostTools_Common_Dialogs.csproj", "{812F1503-BC21-425F-97FA-1674A78FC338}"
	ProjectSection(ProjectDependencies) = postProject
		{4DC968ED-5915-43D8-BA63-7A7A4AF14F23} = {4DC968ED-5915-43D8-BA63-7A7A4AF14F23}
	EndProjectSection
EndProject
Project("{8BC9CEB8-8B4A-11D0-8D11-00A0C91BC942}") = "Thread", "util\thread\thread.vcxproj", "{87130E28-91BE-4640-838A-F3931FEAD8C5}"
	ProjectSection(ProjectDependencies) = postProject
		{C1220E7D-8459-4D4E-AB5D-F108EFE31599} = {C1220E7D-8459-4D4E-AB5D-F108EFE31599}
	EndProjectSection
EndProject
Global
	GlobalSection(SolutionConfigurationPlatforms) = preSolution
		Debug|Win32 = Debug|Win32
		Release|Win32 = Release|Win32
		Debug|x64 = Debug|x64
		Release|x64 = Release|x64
	EndGlobalSection
	GlobalSection(ProjectConfigurationPlatforms) = postSolution
		{8043BBDE-16AC-43A7-A4E0-9D3353E19801}.Debug|Win32.ActiveCfg = Debug|Win32
		{8043BBDE-16AC-43A7-A4E0-9D3353E19801}.Debug|Win32.Build.0 = Debug|Win32
		{8043BBDE-16AC-43A7-A4E0-9D3353E19801}.Release|Win32.ActiveCfg = Release|Win32
		{8043BBDE-16AC-43A7-A4E0-9D3353E19801}.Release|Win32.Build.0 = Release|Win32
		{8043BBDE-16AC-43A7-A4E0-9D3353E19801}.Debug|x64.ActiveCfg = Debug|x64
		{8043BBDE-16AC-43A7-A4E0-9D3353E19801}.Debug|x64.Build.0 = Debug|x64
		{8043BBDE-16AC-43A7-A4E0-9D3353E19801}.Debug|x64.Deploy.0 = Debug|x64
		{8043BBDE-16AC-43A7-A4E0-9D3353E19801}.Release|x64.ActiveCfg = Release|x64
		{8043BBDE-16AC-43A7-A4E0-9D3353E19801}.Release|x64.Build.0 = Release|x64
		{8043BBDE-16AC-43A7-A4E0-9D3353E19801}.Release|x64.Deploy.0 = Release|x64
		{4C32AC3A-57A7-41C5-923A-F6A277E3D579}.Debug|Win32.ActiveCfg = Debug|Win32
		{4C32AC3A-57A7-41C5-923A-F6A277E3D579}.Debug|Win32.Build.0 = Debug|Win32
		{4C32AC3A-57A7-41C5-923A-F6A277E3D579}.Release|Win32.ActiveCfg = Release|Win32
		{4C32AC3A-57A7-41C5-923A-F6A277E3D579}.Release|Win32.Build.0 = Release|Win32
		{4C32AC3A-57A7-41C5-923A-F6A277E3D579}.Debug|x64.ActiveCfg = Debug|x64
		{4C32AC3A-57A7-41C5-923A-F6A277E3D579}.Debug|x64.Build.0 = Debug|x64
		{4C32AC3A-57A7-41C5-923A-F6A277E3D579}.Debug|x64.Deploy.0 = Debug|x64
		{4C32AC3A-57A7-41C5-923A-F6A277E3D579}.Release|x64.ActiveCfg = Release|x64
		{4C32AC3A-57A7-41C5-923A-F6A277E3D579}.Release|x64.Build.0 = Release|x64
		{4C32AC3A-57A7-41C5-923A-F6A277E3D579}.Release|x64.Deploy.0 = Release|x64
		{EAC6483F-F1B7-469B-BA88-89D8A6C1B69B}.Debug|Win32.ActiveCfg = Debug|Win32
		{EAC6483F-F1B7-469B-BA88-89D8A6C1B69B}.Debug|Win32.Build.0 = Debug|Win32
		{EAC6483F-F1B7-469B-BA88-89D8A6C1B69B}.Release|Win32.ActiveCfg = Release|Win32
		{EAC6483F-F1B7-469B-BA88-89D8A6C1B69B}.Release|Win32.Build.0 = Release|Win32
		{EAC6483F-F1B7-469B-BA88-89D8A6C1B69B}.Debug|x64.ActiveCfg = Debug|x64
		{EAC6483F-F1B7-469B-BA88-89D8A6C1B69B}.Debug|x64.Build.0 = Debug|x64
		{EAC6483F-F1B7-469B-BA88-89D8A6C1B69B}.Debug|x64.Deploy.0 = Debug|x64
		{EAC6483F-F1B7-469B-BA88-89D8A6C1B69B}.Release|x64.ActiveCfg = Release|x64
		{EAC6483F-F1B7-469B-BA88-89D8A6C1B69B}.Release|x64.Build.0 = Release|x64
		{EAC6483F-F1B7-469B-BA88-89D8A6C1B69B}.Release|x64.Deploy.0 = Release|x64
		{8E2D75BF-CC29-4363-9CEF-0159EB21EC97}.Debug|Win32.ActiveCfg = Debug|Win32
		{8E2D75BF-CC29-4363-9CEF-0159EB21EC97}.Debug|Win32.Build.0 = Debug|Win32
		{8E2D75BF-CC29-4363-9CEF-0159EB21EC97}.Release|Win32.ActiveCfg = Release|Win32
		{8E2D75BF-CC29-4363-9CEF-0159EB21EC97}.Release|Win32.Build.0 = Release|Win32
		{8E2D75BF-CC29-4363-9CEF-0159EB21EC97}.Debug|x64.ActiveCfg = Debug|x64
		{8E2D75BF-CC29-4363-9CEF-0159EB21EC97}.Debug|x64.Build.0 = Debug|x64
		{8E2D75BF-CC29-4363-9CEF-0159EB21EC97}.Debug|x64.Deploy.0 = Debug|x64
		{8E2D75BF-CC29-4363-9CEF-0159EB21EC97}.Release|x64.ActiveCfg = Release|x64
		{8E2D75BF-CC29-4363-9CEF-0159EB21EC97}.Release|x64.Build.0 = Release|x64
		{8E2D75BF-CC29-4363-9CEF-0159EB21EC97}.Release|x64.Deploy.0 = Release|x64
		{C1220E7D-8459-4D4E-AB5D-F108EFE31599}.Debug|Win32.ActiveCfg = Debug|Win32
		{C1220E7D-8459-4D4E-AB5D-F108EFE31599}.Debug|Win32.Build.0 = Debug|Win32
		{C1220E7D-8459-4D4E-AB5D-F108EFE31599}.Release|Win32.ActiveCfg = Release|Win32
		{C1220E7D-8459-4D4E-AB5D-F108EFE31599}.Release|Win32.Build.0 = Release|Win32
		{C1220E7D-8459-4D4E-AB5D-F108EFE31599}.Debug|x64.ActiveCfg = Debug|x64
		{C1220E7D-8459-4D4E-AB5D-F108EFE31599}.Debug|x64.Build.0 = Debug|x64
		{C1220E7D-8459-4D4E-AB5D-F108EFE31599}.Debug|x64.Deploy.0 = Debug|x64
		{C1220E7D-8459-4D4E-AB5D-F108EFE31599}.Release|x64.ActiveCfg = Release|x64
		{C1220E7D-8459-4D4E-AB5D-F108EFE31599}.Release|x64.Build.0 = Release|x64
		{C1220E7D-8459-4D4E-AB5D-F108EFE31599}.Release|x64.Deploy.0 = Release|x64
		{8CB8B78A-A41A-4EF0-B5CE-90BADEED9548}.Debug|Win32.ActiveCfg = Debug|Win32
		{8CB8B78A-A41A-4EF0-B5CE-90BADEED9548}.Debug|Win32.Build.0 = Debug|Win32
		{8CB8B78A-A41A-4EF0-B5CE-90BADEED9548}.Release|Win32.ActiveCfg = Release|Win32
		{8CB8B78A-A41A-4EF0-B5CE-90BADEED9548}.Release|Win32.Build.0 = Release|Win32
		{8CB8B78A-A41A-4EF0-B5CE-90BADEED9548}.Debug|x64.ActiveCfg = Debug|x64
		{8CB8B78A-A41A-4EF0-B5CE-90BADEED9548}.Debug|x64.Build.0 = Debug|x64
		{8CB8B78A-A41A-4EF0-B5CE-90BADEED9548}.Debug|x64.Deploy.0 = Debug|x64
		{8CB8B78A-A41A-4EF0-B5CE-90BADEED9548}.Release|x64.ActiveCfg = Release|x64
		{8CB8B78A-A41A-4EF0-B5CE-90BADEED9548}.Release|x64.Build.0 = Release|x64
		{8CB8B78A-A41A-4EF0-B5CE-90BADEED9548}.Release|x64.Deploy.0 = Release|x64
		{AE49B0F0-CAA8-42C7-9920-759F12B34A78}.Debug|Win32.ActiveCfg = Debug|Win32
		{AE49B0F0-CAA8-42C7-9920-759F12B34A78}.Debug|Win32.Build.0 = Debug|Win32
		{AE49B0F0-CAA8-42C7-9920-759F12B34A78}.Release|Win32.ActiveCfg = Release|Win32
		{AE49B0F0-CAA8-42C7-9920-759F12B34A78}.Release|Win32.Build.0 = Release|Win32
		{AE49B0F0-CAA8-42C7-9920-759F12B34A78}.Debug|x64.ActiveCfg = Debug|x64
		{AE49B0F0-CAA8-42C7-9920-759F12B34A78}.Debug|x64.Build.0 = Debug|x64
		{AE49B0F0-CAA8-42C7-9920-759F12B34A78}.Debug|x64.Deploy.0 = Debug|x64
		{AE49B0F0-CAA8-42C7-9920-759F12B34A78}.Release|x64.ActiveCfg = Release|x64
		{AE49B0F0-CAA8-42C7-9920-759F12B34A78}.Release|x64.Build.0 = Release|x64
		{AE49B0F0-CAA8-42C7-9920-759F12B34A78}.Release|x64.Deploy.0 = Release|x64
		{FECF927C-29CB-4B03-B9D8-456CCBB439C8}.Debug|Win32.ActiveCfg = Debug|Win32
		{FECF927C-29CB-4B03-B9D8-456CCBB439C8}.Debug|Win32.Build.0 = Debug|Win32
		{FECF927C-29CB-4B03-B9D8-456CCBB439C8}.Release|Win32.ActiveCfg = Release|Win32
		{FECF927C-29CB-4B03-B9D8-456CCBB439C8}.Release|Win32.Build.0 = Release|Win32
		{FECF927C-29CB-4B03-B9D8-456CCBB439C8}.Debug|x64.ActiveCfg = Debug|x64
		{FECF927C-29CB-4B03-B9D8-456CCBB439C8}.Debug|x64.Build.0 = Debug|x64
		{FECF927C-29CB-4B03-B9D8-456CCBB439C8}.Debug|x64.Deploy.0 = Debug|x64
		{FECF927C-29CB-4B03-B9D8-456CCBB439C8}.Release|x64.ActiveCfg = Release|x64
		{FECF927C-29CB-4B03-B9D8-456CCBB439C8}.Release|x64.Build.0 = Release|x64
		{FECF927C-29CB-4B03-B9D8-456CCBB439C8}.Release|x64.Deploy.0 = Release|x64
		{4DC968ED-5915-43D8-BA63-7A7A4AF14F23}.Debug|Win32.ActiveCfg = Debug|Win32
		{4DC968ED-5915-43D8-BA63-7A7A4AF14F23}.Debug|Win32.Build.0 = Debug|Win32
		{4DC968ED-5915-43D8-BA63-7A7A4AF14F23}.Release|Win32.ActiveCfg = Release|Win32
		{4DC968ED-5915-43D8-BA63-7A7A4AF14F23}.Release|Win32.Build.0 = Release|Win32
		{4DC968ED-5915-43D8-BA63-7A7A4AF14F23}.Debug|x64.ActiveCfg = Debug|x64
		{4DC968ED-5915-43D8-BA63-7A7A4AF14F23}.Debug|x64.Build.0 = Debug|x64
		{4DC968ED-5915-43D8-BA63-7A7A4AF14F23}.Debug|x64.Deploy.0 = Debug|x64
		{4DC968ED-5915-43D8-BA63-7A7A4AF14F23}.Release|x64.ActiveCfg = Release|x64
		{4DC968ED-5915-43D8-BA63-7A7A4AF14F23}.Release|x64.Build.0 = Release|x64
		{4DC968ED-5915-43D8-BA63-7A7A4AF14F23}.Release|x64.Deploy.0 = Release|x64
		{9F51E755-76C1-4EF4-9CFC-98B7BEDC69F1}.Debug|Win32.ActiveCfg = Debug|Win32
		{9F51E755-76C1-4EF4-9CFC-98B7BEDC69F1}.Debug|Win32.Build.0 = Debug|Win32
		{9F51E755-76C1-4EF4-9CFC-98B7BEDC69F1}.Release|Win32.ActiveCfg = Release|Win32
		{9F51E755-76C1-4EF4-9CFC-98B7BEDC69F1}.Release|Win32.Build.0 = Release|Win32
		{9F51E755-76C1-4EF4-9CFC-98B7BEDC69F1}.Debug|x64.ActiveCfg = Debug|x64
		{9F51E755-76C1-4EF4-9CFC-98B7BEDC69F1}.Debug|x64.Build.0 = Debug|x64
		{9F51E755-76C1-4EF4-9CFC-98B7BEDC69F1}.Debug|x64.Deploy.0 = Debug|x64
		{9F51E755-76C1-4EF4-9CFC-98B7BEDC69F1}.Release|x64.ActiveCfg = Release|x64
		{9F51E755-76C1-4EF4-9CFC-98B7BEDC69F1}.Release|x64.Build.0 = Release|x64
		{9F51E755-76C1-4EF4-9CFC-98B7BEDC69F1}.Release|x64.Deploy.0 = Release|x64
		{812F1503-BC21-425F-97FA-1674A78FC338}.Debug|Win32.ActiveCfg = Debug|Win32
		{812F1503-BC21-425F-97FA-1674A78FC338}.Debug|Win32.Build.0 = Debug|Win32
		{812F1503-BC21-425F-97FA-1674A78FC338}.Release|Win32.ActiveCfg = Release|Win32
		{812F1503-BC21-425F-97FA-1674A78FC338}.Release|Win32.Build.0 = Release|Win32
		{812F1503-BC21-425F-97FA-1674A78FC338}.Debug|x64.ActiveCfg = Debug|x64
		{812F1503-BC21-425F-97FA-1674A78FC338}.Debug|x64.Build.0 = Debug|x64
		{812F1503-BC21-425F-97FA-1674A78FC338}.Debug|x64.Deploy.0 = Debug|x64
		{812F1503-BC21-425F-97FA-1674A78FC338}.Release|x64.ActiveCfg = Release|x64
		{812F1503-BC21-425F-97FA-1674A78FC338}.Release|x64.Build.0 = Release|x64
		{812F1503-BC21-425F-97FA-1674A78FC338}.Release|x64.Deploy.0 = Release|x64
		{87130E28-91BE-4640-838A-F3931FEAD8C5}.Debug|Win32.ActiveCfg = Debug|Win32
		{87130E28-91BE-4640-838A-F3931FEAD8C5}.Debug|Win32.Build.0 = Debug|Win32
		{87130E28-91BE-4640-838A-F3931FEAD8C5}.Release|Win32.ActiveCfg = Release|Win32
		{87130E28-91BE-4640-838A-F3931FEAD8C5}.Release|Win32.Build.0 = Release|Win32
		{87130E28-91BE-4640-838A-F3931FEAD8C5}.Debug|x64.ActiveCfg = Debug|x64
		{87130E28-91BE-4640-838A-F3931FEAD8C5}.Debug|x64.Build.0 = Debug|x64
		{87130E28-91BE-4640-838A-F3931FEAD8C5}.Debug|x64.Deploy.0 = Debug|x64
		{87130E28-91BE-4640-838A-F3931FEAD8C5}.Release|x64.ActiveCfg = Release|x64
		{87130E28-91BE-4640-838A-F3931FEAD8C5}.Release|x64.Build.0 = Release|x64
		{87130E28-91BE-4640-838A-F3931FEAD8C5}.Release|x64.Deploy.0 = Release|x64
	EndGlobalSection
	GlobalSection(SolutionProperties) = preSolution
		HideSolutionNode = FALSE
	EndGlobalSection
EndGlobal
